
Microsoft Visual Studio Solution File, Format Version 12.00
# Visual Studio 15
Project("{FAE04EC0-301F-11D3-BF4B-00C04F79EFBC}") = "Assembly-CSharp", "Assembly-CSharp.csproj", "{1FC46BD5-E806-FD32-9594-EC4014AF38BD}"
EndProject
Project("{FAE04EC0-301F-11D3-BF4B-00C04F79EFBC}") = "Assembly-CSharp-Editor", "Assembly-CSharp-Editor.csproj", "{3E184502-8344-D1EF-9E45-F9ACAB17AFE9}"
EndProject
Global
	GlobalSection(SolutionConfigurationPlatforms) = preSolution
		Debug|Any CPU = Debug|Any CPU
		Release|Any CPU = Release|Any CPU
	EndGlobalSection
	GlobalSection(ProjectConfigurationPlatforms) = postSolution
		{1FC46BD5-E806-FD32-9594-EC4014AF38BD}.Debug|Any CPU.ActiveCfg = Debug|Any CPU
		{1FC46BD5-E806-FD32-9594-EC4014AF38BD}.Debug|Any CPU.Build.0 = Debug|Any CPU
		{1FC46BD5-E806-FD32-9594-EC4014AF38BD}.Release|Any CPU.ActiveCfg = Release|Any CPU
		{1FC46BD5-E806-FD32-9594-EC4014AF38BD}.Release|Any CPU.Build.0 = Release|Any CPU
		{3E184502-8344-D1EF-9E45-F9ACAB17AFE9}.Debug|Any CPU.ActiveCfg = Debug|Any CPU
		{3E184502-8344-D1EF-9E45-F9ACAB17AFE9}.Debug|Any CPU.Build.0 = Debug|Any CPU
		{3E184502-8344-D1EF-9E45-F9ACAB17AFE9}.Release|Any CPU.ActiveCfg = Release|Any CPU
		{3E184502-8344-D1EF-9E45-F9ACAB17AFE9}.Release|Any CPU.Build.0 = Release|Any CPU
	EndGlobalSection
	GlobalSection(SolutionProperties) = preSolution
		HideSolutionNode = FALSE
	EndGlobalSection
EndGlobal
